PODS:
  - fl_location (0.0.1):
    - Flutter
  - Flutter (1.0.0)
  - flutter_foreground_task (0.0.1):
    - Flutter
  - geolocator_apple (1.2.0):
    - Flutter
  - Mapbox-iOS-SDK (6.4.1):
    - MapboxMobileEvents (~> 0.10.12)
  - mapbox_gl (0.0.1):
    - Flutter
    - Mapbox-iOS-SDK (~> 6.4.0)
    - MapboxAnnotationExtension (~> 0.0.1-beta.1)
  - MapboxAnnotationExtension (0.0.1-beta.2):
    - Mapbox-iOS-SDK (~> 6.0)
  - MapboxMobileEvents (0.10.14)
  - path_provider_foundation (0.0.1):
    - Flutter
    - FlutterMacOS
  - permission_handler_apple (9.0.4):
    - Flutter
  - poly_geofence_service (0.0.1):
    - Flutter
  - quick_notify (0.0.1):
    - Flutter
  - shared_preferences_foundation (0.0.1):
    - Flutter
    - FlutterMacOS
  - shared_preferences_ios (0.0.1):
    - Flutter

DEPENDENCIES:
  - fl_location (from `.symlinks/plugins/fl_location/ios`)
  - Flutter (from `Flutter`)
  - flutter_foreground_task (from `.symlinks/plugins/flutter_foreground_task/ios`)
  - geolocator_apple (from `.symlinks/plugins/geolocator_apple/ios`)
  - mapbox_gl (from `.symlinks/plugins/mapbox_gl/ios`)
  - path_provider_foundation (from `.symlinks/plugins/path_provider_foundation/ios`)
  - permission_handler_apple (from `.symlinks/plugins/permission_handler_apple/ios`)
  - poly_geofence_service (from `.symlinks/plugins/poly_geofence_service/ios`)
  - quick_notify (from `.symlinks/plugins/quick_notify/ios`)
  - shared_preferences_foundation (from `.symlinks/plugins/shared_preferences_foundation/ios`)
  - shared_preferences_ios (from `.symlinks/plugins/shared_preferences_ios/ios`)

SPEC REPOS:
  trunk:
    - Mapbox-iOS-SDK
    - MapboxAnnotationExtension
    - MapboxMobileEvents

EXTERNAL SOURCES:
  fl_location:
    :path: ".symlinks/plugins/fl_location/ios"
  Flutter:
    :path: Flutter
  flutter_foreground_task:
    :path: ".symlinks/plugins/flutter_foreground_task/ios"
  geolocator_apple:
    :path: ".symlinks/plugins/geolocator_apple/ios"
  mapbox_gl:
    :path: ".symlinks/plugins/mapbox_gl/ios"
  path_provider_foundation:
    :path: ".symlinks/plugins/path_provider_foundation/ios"
  permission_handler_apple:
    :path: ".symlinks/plugins/permission_handler_apple/ios"
  poly_geofence_service:
    :path: ".symlinks/plugins/poly_geofence_service/ios"
  quick_notify:
    :path: ".symlinks/plugins/quick_notify/ios"
  shared_preferences_foundation:
    :path: ".symlinks/plugins/shared_preferences_foundation/ios"
  shared_preferences_ios:
    :path: ".symlinks/plugins/shared_preferences_ios/ios"

SPEC CHECKSUMS:
  fl_location: 68b4a6c4aad2a453493ff66f196e0748280cf43e
  Flutter: f04841e97a9d0b0a8025694d0796dd46242b2854
  flutter_foreground_task: 21ef182ab0a29a3005cc72cd70e5f45cb7f7f817
  geolocator_apple: cc556e6844d508c95df1e87e3ea6fa4e58c50401
  Mapbox-iOS-SDK: f870f83cbdc7aa4a74afcee143aafb0dae390c82
  mapbox_gl: 33c5ab6306cbfa72289bb3606d2cd2e8baee9ff0
  MapboxAnnotationExtension: 4eee6c26349ef6d909f1a23a7eae2d0f7ca5fa7d
  MapboxMobileEvents: 5a172cc9bbf8ac0e45ba86095cbee685ede248cc
  path_provider_foundation: c68054786f1b4f3343858c1e1d0caaded73f0be9
  permission_handler_apple: 44366e37eaf29454a1e7b1b7d736c2cceaeb17ce
  poly_geofence_service: 05fa38f0cf2bf17dbe37d55bae47201ebf634f9f
  quick_notify: 8c3b3fe41063ab4664b9bd9dc7e1565879d0b7f6
  shared_preferences_foundation: 986fc17f3d3251412d18b0265f9c64113a8c2472
  shared_preferences_ios: 548a61f8053b9b8a49ac19c1ffbc8b92c50d68ad

PODFILE CHECKSUM: 7368163408c647b7eb699d0d788ba6718e18fb8d

COCOAPODS: 1.11.3
